// !$*UTF8*$!
{
	archiveVersion = 1;
	classes = {
	};
	objectVersion = 50;
	objects = {

/* Begin PBXBuildFile section */
		D741715C26F907D500B3E320 /* AppDelegate.swift in Sources */ = {isa = PBXBuildFile; fileRef = D741715B26F907D500B3E320 /* AppDelegate.swift */; };
		D741715E26F907D500B3E320 /* SceneDelegate.swift in Sources */ = {isa = PBXBuildFile; fileRef = D741715D26F907D500B3E320 /* SceneDelegate.swift */; };
		D741716026F907D500B3E320 /* ViewController.swift in Sources */ = {isa = PBXBuildFile; fileRef = D741715F26F907D500B3E320 /* ViewController.swift */; };
		D741716326F907D500B3E320 /* Main.storyboard in Resources */ = {isa = PBXBuildFile; fileRef = D741716126F907D500B3E320 /* Main.storyboard */; };
		D741716526F907D800B3E320 /* Assets.xcassets in Resources */ = {isa = PBXBuildFile; fileRef = D741716426F907D800B3E320 /* Assets.xcassets */; };
		D741716826F907D800B3E320 /* LaunchScreen.storyboard in Resources */ = {isa = PBXBuildFile; fileRef = D741716626F907D800B3E320 /* LaunchScreen.storyboard */; };
		D741717326F907D900B3E320 /* UnitTestTests.swift in Sources */ = {isa = PBXBuildFile; fileRef = D741717226F907D900B3E320 /* UnitTestTests.swift */; };
		D741717E26F907D900B3E320 /* UnitTestUITests.swift in Sources */ = {isa = PBXBuildFile; fileRef = D741717D26F907D900B3E320 /* UnitTestUITests.swift */; };
/* End PBXBuildFile section */

/* Begin PBXContainerItemProxy section */
		D741716F26F907D900B3E320 /* PBXContainerItemProxy */ = {
			isa = PBXContainerItemProxy;
			containerPortal = D741715026F907D500B3E320 /* Project object */;
			proxyType = 1;
			remoteGlobalIDString = D741715726F907D500B3E320;
			remoteInfo = UnitTest;
		};
		D741717A26F907D900B3E320 /* PBXContainerItemProxy */ = {
			isa = PBXContainerItemProxy;
			containerPortal = D741715026F907D500B3E320 /* Project object */;
			proxyType = 1;
			remoteGlobalIDString = D741715726F907D500B3E320;
			remoteInfo = UnitTest;
		};
/* End PBXContainerItemProxy section */

/* Begin PBXFileReference section */
		D741715826F907D500B3E320 /* UnitTest.app */ = {isa = PBXFileReference; explicitFileType = wrapper.application; includeInIndex = 0; path = UnitTest.app; sourceTree = BUILT_PRODUCTS_DIR; };
		D741715B26F907D500B3E320 /* AppDelegate.swift */ = {isa = PBXFileReference; lastKnownFileType = sourcecode.swift; path = AppDelegate.swift; sourceTree = "<group>"; };
		D741715D26F907D500B3E320 /* SceneDelegate.swift */ = {isa = PBXFileReference; lastKnownFileType = sourcecode.swift; path = SceneDelegate.swift; sourceTree = "<group>"; };
		D741715F26F907D500B3E320 /* ViewController.swift */ = {isa = PBXFileReference; lastKnownFileType = sourcecode.swift; path = ViewController.swift; sourceTree = "<group>"; };
		D741716226F907D500B3E320 /* Base */ = {isa = PBXFileReference; lastKnownFileType = file.storyboard; name = Base; path = Base.lproj/Main.storyboard; sourceTree = "<group>"; };
		D741716426F907D800B3E320 /* Assets.xcassets */ = {isa = PBXFileReference; lastKnownFileType = folder.assetcatalog; path = Assets.xcassets; sourceTree = "<group>"; };
		D741716726F907D800B3E320 /* Base */ = {isa = PBXFileReference; lastKnownFileType = file.storyboard; name = Base; path = Base.lproj/LaunchScreen.storyboard; sourceTree = "<group>"; };
		D741716926F907D800B3E320 /* Info.plist */ = {isa = PBXFileReference; lastKnownFileType = text.plist.xml; path = Info.plist; sourceTree = "<group>"; };
		D741716E26F907D900B3E320 /* UnitTestTests.xctest */ = {isa = PBXFileReference; explicitFileType = wrapper.cfbundle; includeInIndex = 0; path = UnitTestTests.xctest; sourceTree = BUILT_PRODUCTS_DIR; };
		D741717226F907D900B3E320 /* UnitTestTests.swift */ = {isa = PBXFileReference; lastKnownFileType = sourcecode.swift; path = UnitTestTests.swift; sourceTree = "<group>"; };
		D741717426F907D900B3E320 /* Info.plist */ = {isa = PBXFileReference; lastKnownFileType = text.plist.xml; path = Info.plist; sourceTree = "<group>"; };
		D741717926F907D900B3E320 /* UnitTestUITests.xctest */ = {isa = PBXFileReference; explicitFileType = wrapper.cfbundle; includeInIndex = 0; path = UnitTestUITests.xctest; sourceTree = BUILT_PRODUCTS_DIR; };
		D741717D26F907D900B3E320 /* UnitTestUITests.swift */ = {isa = PBXFileReference; lastKnownFileType = sourcecode.swift; path = UnitTestUITests.swift; sourceTree = "<group>"; };
		D741717F26F907D900B3E320 /* Info.plist */ = {isa = PBXFileReference; lastKnownFileType = text.plist.xml; path = Info.plist; sourceTree = "<group>"; };
/* End PBXFileReference section */

/* Begin PBXFrameworksBuildPhase section */
		D741715526F907D500B3E320 /* Frameworks */ = {
			isa = PBXFrameworksBuildPhase;
			buildActionMask = 2147483647;
			files = (
			);
			runOnlyForDeploymentPostprocessing = 0;
		};
		D741716B26F907D900B3E320 /* Frameworks */ = {
			isa = PBXFrameworksBuildPhase;
			buildActionMask = 2147483647;
			files = (
			);
			runOnlyForDeploymentPostprocessing = 0;
		};
		D741717626F907D900B3E320 /* Frameworks */ = {
			isa = PBXFrameworksBuildPhase;
			buildActionMask = 2147483647;
			files = (
			);
			runOnlyForDeploymentPostprocessing = 0;
		};
/* End PBXFrameworksBuildPhase section */

/* Begin PBXGroup section */
		D741714F26F907D500B3E320 = {
			isa = PBXGroup;
			children = (
				D741715A26F907D500B3E320 /* UnitTest */,
				D741717126F907D900B3E320 /* UnitTestTests */,
				D741717C26F907D900B3E320 /* UnitTestUITests */,
				D741715926F907D500B3E320 /* Products */,
			);
			sourceTree = "<group>";
		};
		D741715926F907D500B3E320 /* Products */ = {
			isa = PBXGroup;
			children = (
				D741715826F907D500B3E320 /* UnitTest.app */,
				D741716E26F907D900B3E320 /* UnitTestTests.xctest */,
				D741717926F907D900B3E320 /* UnitTestUITests.xctest */,
			);
			name = Products;
			sourceTree = "<group>";
		};
		D741715A26F907D500B3E320 /* UnitTest */ = {
			isa = PBXGroup;
			children = (
				D741715B26F907D500B3E320 /* AppDelegate.swift */,
				D741715D26F907D500B3E320 /* SceneDelegate.swift */,
				D741715F26F907D500B3E320 /* ViewController.swift */,
				D741716126F907D500B3E320 /* Main.storyboard */,
				D741716426F907D800B3E320 /* Assets.xcassets */,
				D741716626F907D800B3E320 /* LaunchScreen.storyboard */,
				D741716926F907D800B3E320 /* Info.plist */,
			);
			path = UnitTest;
			sourceTree = "<group>";
		};
		D741717126F907D900B3E320 /* UnitTestTests */ = {
			isa = PBXGroup;
			children = (
				D741717226F907D900B3E320 /* UnitTestTests.swift */,
				D741717426F907D900B3E320 /* Info.plist */,
			);
			path = UnitTestTests;
			sourceTree = "<group>";
		};
		D741717C26F907D900B3E320 /* UnitTestUITests */ = {
			isa = PBXGroup;
			children = (
				D741717D26F907D900B3E320 /* UnitTestUITests.swift */,
				D741717F26F907D900B3E320 /* Info.plist */,
			);
			path = UnitTestUITests;
			sourceTree = "<group>";
		};
/* End PBXGroup section */

/* Begin PBXNativeTarget section */
		D741715726F907D500B3E320 /* UnitTest */ = {
			isa = PBXNativeTarget;
			buildConfigurationList = D741718226F907D900B3E320 /* Build configuration list for PBXNativeTarget "UnitTest" */;
			buildPhases = (
				D741715426F907D500B3E320 /* Sources */,
				D741715526F907D500B3E320 /* Frameworks */,
				D741715626F907D500B3E320 /* Resources */,
			);
			buildRules = (
			);
			dependencies = (
			);
			name = UnitTest;
			productName = UnitTest;
			productReference = D741715826F907D500B3E320 /* UnitTest.app */;
			productType = "com.apple.product-type.application";
		};
		D741716D26F907D900B3E320 /* UnitTestTests */ = {
			isa = PBXNativeTarget;
			buildConfigurationList = D741718526F907D900B3E320 /* Build configuration list for PBXNativeTarget "UnitTestTests" */;
			buildPhases = (
				D741716A26F907D900B3E320 /* Sources */,
				D741716B26F907D900B3E320 /* Frameworks */,
				D741716C26F907D900B3E320 /* Resources */,
			);
			buildRules = (
			);
			dependencies = (
				D741717026F907D900B3E320 /* PBXTargetDependency */,
			);
			name = UnitTestTests;
			productName = UnitTestTests;
			productReference = D741716E26F907D900B3E320 /* UnitTestTests.xctest */;
			productType = "com.apple.product-type.bundle.unit-test";
		};
		D741717826F907D900B3E320 /* UnitTestUITests */ = {
			isa = PBXNativeTarget;
			buildConfigurationList = D741718826F907D900B3E320 /* Build configuration list for PBXNativeTarget "UnitTestUITests" */;
			buildPhases = (
				D741717526F907D900B3E320 /* Sources */,
				D741717626F907D900B3E320 /* Frameworks */,
				D741717726F907D900B3E320 /* Resources */,
			);
			buildRules = (
			);
			dependencies = (
				D741717B26F907D900B3E320 /* PBXTargetDependency */,
			);
			name = UnitTestUITests;
			productName = UnitTestUITests;
			productReference = D741717926F907D900B3E320 /* UnitTestUITests.xctest */;
			productType = "com.apple.product-type.bundle.ui-testing";
		};
/* End PBXNativeTarget section */

/* Begin PBXProject section */
		D741715026F907D500B3E320 /* Project object */ = {
			isa = PBXProject;
			attributes = {
				LastSwiftUpdateCheck = 1240;
				LastUpgradeCheck = 1240;
				TargetAttributes = {
					D741715726F907D500B3E320 = {
						CreatedOnToolsVersion = 12.4;
					};
					D741716D26F907D900B3E320 = {
						CreatedOnToolsVersion = 12.4;
						TestTargetID = D741715726F907D500B3E320;
					};
					D741717826F907D900B3E320 = {
						CreatedOnToolsVersion = 12.4;
						TestTargetID = D741715726F907D500B3E320;
					};
				};
			};
			buildConfigurationList = D741715326F907D500B3E320 /* Build configuration list for PBXProject "UnitTest" */;
			compatibilityVersion = "Xcode 9.3";
			developmentRegion = en;
			hasScannedForEncodings = 0;
			knownRegions = (
				en,
				Base,
			);
			mainGroup = D741714F26F907D500B3E320;
			productRefGroup = D741715926F907D500B3E320 /* Products */;
			projectDirPath = "";
			projectRoot = "";
			targets = (
				D741715726F907D500B3E320 /* UnitTest */,
				D741716D26F907D900B3E320 /* UnitTestTests */,
				D741717826F907D900B3E320 /* UnitTestUITests */,
			);
		};
/* End PBXProject section */

/* Begin PBXResourcesBuildPhase section */
		D741715626F907D500B3E320 /* Resources */ = {
			isa = PBXResourcesBuildPhase;
			buildActionMask = 2147483647;
			files = (
				D741716826F907D800B3E320 /* LaunchScreen.storyboard in Resources */,
				D741716526F907D800B3E320 /* Assets.xcassets in Resources */,
				D741716326F907D500B3E320 /* Main.storyboard in Resources */,
			);
			runOnlyForDeploymentPostprocessing = 0;
		};
		D741716C26F907D900B3E320 /* Resources */ = {
			isa = PBXResourcesBuildPhase;
			buildActionMask = 2147483647;
			files = (
			);
			runOnlyForDeploymentPostprocessing = 0;
		};
		D741717726F907D900B3E320 /* Resources */ = {
			isa = PBXResourcesBuildPhase;
			buildActionMask = 2147483647;
			files = (
			);
			runOnlyForDeploymentPostprocessing = 0;
		};
/* End PBXResourcesBuildPhase section */

/* Begin PBXSourcesBuildPhase section */
		D741715426F907D500B3E320 /* Sources */ = {
			isa = PBXSourcesBuildPhase;
			buildActionMask = 2147483647;
			files = (
				D741716026F907D500B3E320 /* ViewController.swift in Sources */,
				D741715C26F907D500B3E320 /* AppDelegate.swift in Sources */,
				D741715E26F907D500B3E320 /* SceneDelegate.swift in Sources */,
			);
			runOnlyForDeploymentPostprocessing = 0;
		};
		D741716A26F907D900B3E320 /* Sources */ = {
			isa = PBXSourcesBuildPhase;
			buildActionMask = 2147483647;
			files = (
				D741717326F907D900B3E320 /* UnitTestTests.swift in Sources */,
			);
			runOnlyForDeploymentPostprocessing = 0;
		};
		D741717526F907D900B3E320 /* Sources */ = {
			isa = PBXSourcesBuildPhase;
			buildActionMask = 2147483647;
			files = (
				D741717E26F907D900B3E320 /* UnitTestUITests.swift in Sources */,
			);
			runOnlyForDeploymentPostprocessing = 0;
		};
/* End PBXSourcesBuildPhase section */

/* Begin PBXTargetDependency section */
		D741717026F907D900B3E320 /* PBXTargetDependency */ = {
			isa = PBXTargetDependency;
			target = D741715726F907D500B3E320 /* UnitTest */;
			targetProxy = D741716F26F907D900B3E320 /* PBXContainerItemProxy */;
		};
		D741717B26F907D900B3E320 /* PBXTargetDependency */ = {
			isa = PBXTargetDependency;
			target = D741715726F907D500B3E320 /* UnitTest */;
			targetProxy = D741717A26F907D900B3E320 /* PBXContainerItemProxy */;
		};
/* End PBXTargetDependency section */

/* Begin PBXVariantGroup section */
		D741716126F907D500B3E320 /* Main.storyboard */ = {
			isa = PBXVariantGroup;
			children = (
				D741716226F907D500B3E320 /* Base */,
			);
			name = Main.storyboard;
			sourceTree = "<group>";
		};
		D741716626F907D800B3E320 /* LaunchScreen.storyboard */ = {
			isa = PBXVariantGroup;
			children = (
				D741716726F907D800B3E320 /* Base */,
			);
			name = LaunchScreen.storyboard;
			sourceTree = "<group>";
		};
/* End PBXVariantGroup section */

/* Begin XCBuildConfiguration section */
		D741718026F907D900B3E320 /* Debug */ = {
			isa = XCBuildConfiguration;
			buildSettings = {
				ALWAYS_SEARCH_USER_PATHS = NO;
				CLANG_ANALYZER_NONNULL = YES;
				CLANG_ANALYZER_NUMBER_OBJECT_CONVERSION = YES_AGGRESSIVE;
				CLANG_CXX_LANGUAGE_STANDARD = "gnu++14";
				CLANG_CXX_LIBRARY = "libc++";
				CLANG_ENABLE_MODULES = YES;
				CLANG_ENABLE_OBJC_ARC = YES;
				CLANG_ENABLE_OBJC_WEAK = YES;
				CLANG_WARN_BLOCK_CAPTURE_AUTORELEASING = YES;
				CLANG_WARN_BOOL_CONVERSION = YES;
				CLANG_WARN_COMMA = YES;
				CLANG_WARN_CONSTANT_CONVERSION = YES;
				CLANG_WARN_DEPRECATED_OBJC_IMPLEMENTATIONS = YES;
				CLANG_WARN_DIRECT_OBJC_ISA_USAGE = YES_ERROR;
				CLANG_WARN_DOCUMENTATION_COMMENTS = YES;
				CLANG_WARN_EMPTY_BODY = YES;
				CLANG_WARN_ENUM_CONVERSION = YES;
				CLANG_WARN_INFINITE_RECURSION = YES;
				CLANG_WARN_INT_CONVERSION = YES;
				CLANG_WARN_NON_LITERAL_NULL_CONVERSION = YES;
				CLANG_WARN_OBJC_IMPLICIT_RETAIN_SELF = YES;
				CLANG_WARN_OBJC_LITERAL_CONVERSION = YES;
				CLANG_WARN_OBJC_ROOT_CLASS = YES_ERROR;
				CLANG_WARN_QUOTED_INCLUDE_IN_FRAMEWORK_HEADER = YES;
				CLANG_WARN_RANGE_LOOP_ANALYSIS = YES;
				CLANG_WARN_STRICT_PROTOTYPES = YES;
				CLANG_WARN_SUSPICIOUS_MOVE = YES;
				CLANG_WARN_UNGUARDED_AVAILABILITY = YES_AGGRESSIVE;
				CLANG_WARN_UNREACHABLE_CODE = YES;
				CLANG_WARN__DUPLICATE_METHOD_MATCH = YES;
				COPY_PHASE_STRIP = NO;
				DEBUG_INFORMATION_FORMAT = dwarf;
				ENABLE_STRICT_OBJC_MSGSEND = YES;
				ENABLE_TESTABILITY = YES;
				GCC_C_LANGUAGE_STANDARD = gnu11;
				GCC_DYNAMIC_NO_PIC = NO;
				GCC_NO_COMMON_BLOCKS = YES;
				GCC_OPTIMIZATION_LEVEL = 0;
				GCC_PREPROCESSOR_DEFINITIONS = (
					"DEBUG=1",
					"$(inherited)",
				);
				GCC_WARN_64_TO_32_BIT_CONVERSION = YES;
				GCC_WARN_ABOUT_RETURN_TYPE = YES_ERROR;
				GCC_WARN_UNDECLARED_SELECTOR = YES;
				GCC_WARN_UNINITIALIZED_AUTOS = YES_AGGRESSIVE;
				GCC_WARN_UNUSED_FUNCTION = YES;
				GCC_WARN_UNUSED_VARIABLE = YES;
				IPHONEOS_DEPLOYMENT_TARGET = 14.4;
				MTL_ENABLE_DEBUG_INFO = INCLUDE_SOURCE;
				MTL_FAST_MATH = YES;
				ONLY_ACTIVE_ARCH = YES;
				SDKROOT = iphoneos;
				SWIFT_ACTIVE_COMPILATION_CONDITIONS = DEBUG;
				SWIFT_OPTIMIZATION_LEVEL = "-Onone";
			};
			name = Debug;
		};
		D741718126F907D900B3E320 /* Release */ = {
			isa = XCBuildConfiguration;
			buildSettings = {
				ALWAYS_SEARCH_USER_PATHS = NO;
				CLANG_ANALYZER_NONNULL = YES;
				CLANG_ANALYZER_NUMBER_OBJECT_CONVERSION = YES_AGGRESSIVE;
				CLANG_CXX_LANGUAGE_STANDARD = "gnu++14";
				CLANG_CXX_LIBRARY = "libc++";
				CLANG_ENABLE_MODULES = YES;
				CLANG_ENABLE_OBJC_ARC = YES;
				CLANG_ENABLE_OBJC_WEAK = YES;
				CLANG_WARN_BLOCK_CAPTURE_AUTORELEASING = YES;
				CLANG_WARN_BOOL_CONVERSION = YES;
				CLANG_WARN_COMMA = YES;
				CLANG_WARN_CONSTANT_CONVERSION = YES;
				CLANG_WARN_DEPRECATED_OBJC_IMPLEMENTATIONS = YES;
				CLANG_WARN_DIRECT_OBJC_ISA_USAGE = YES_ERROR;
				CLANG_WARN_DOCUMENTATION_COMMENTS = YES;
				CLANG_WARN_EMPTY_BODY = YES;
				CLANG_WARN_ENUM_CONVERSION = YES;
				CLANG_WARN_INFINITE_RECURSION = YES;
				CLANG_WARN_INT_CONVERSION = YES;
				CLANG_WARN_NON_LITERAL_NULL_CONVERSION = YES;
				CLANG_WARN_OBJC_IMPLICIT_RETAIN_SELF = YES;
				CLANG_WARN_OBJC_LITERAL_CONVERSION = YES;
				CLANG_WARN_OBJC_ROOT_CLASS = YES_ERROR;
				CLANG_WARN_QUOTED_INCLUDE_IN_FRAMEWORK_HEADER = YES;
				CLANG_WARN_RANGE_LOOP_ANALYSIS = YES;
				CLANG_WARN_STRICT_PROTOTYPES = YES;
				CLANG_WARN_SUSPICIOUS_MOVE = YES;
				CLANG_WARN_UNGUARDED_AVAILABILITY = YES_AGGRESSIVE;
				CLANG_WARN_UNREACHABLE_CODE = YES;
				CLANG_WARN__DUPLICATE_METHOD_MATCH = YES;
				COPY_PHASE_STRIP = NO;
				DEBUG_INFORMATION_FORMAT = "dwarf-with-dsym";
				ENABLE_NS_ASSERTIONS = NO;
				ENABLE_STRICT_OBJC_MSGSEND = YES;
				GCC_C_LANGUAGE_STANDARD = gnu11;
				GCC_NO_COMMON_BLOCKS = YES;
				GCC_WARN_64_TO_32_BIT_CONVERSION = YES;
				GCC_WARN_ABOUT_RETURN_TYPE = YES_ERROR;
				GCC_WARN_UNDECLARED_SELECTOR = YES;
				GCC_WARN_UNINITIALIZED_AUTOS = YES_AGGRESSIVE;
				GCC_WARN_UNUSED_FUNCTION = YES;
				GCC_WARN_UNUSED_VARIABLE = YES;
				IPHONEOS_DEPLOYMENT_TARGET = 14.4;
				MTL_ENABLE_DEBUG_INFO = NO;
				MTL_FAST_MATH = YES;
				SDKROOT = iphoneos;
				SWIFT_COMPILATION_MODE = wholemodule;
				SWIFT_OPTIMIZATION_LEVEL = "-O";
				VALIDATE_PRODUCT = YES;
			};
			name = Release;
		};
		D741718326F907D900B3E320 /* Debug */ = {
			isa = XCBuildConfiguration;
			buildSettings = {
				ASSETCATALOG_COMPILER_APPICON_NAME = AppIcon;
				ASSETCATALOG_COMPILER_GLOBAL_ACCENT_COLOR_NAME = AccentColor;
				CODE_SIGN_STYLE = Automatic;
				DEVELOPMENT_TEAM = SB6MTB7YS3;
				INFOPLIST_FILE = UnitTest/Info.plist;
				LD_RUNPATH_SEARCH_PATHS = (
					"$(inherited)",
					"@executable_path/Frameworks",
				);
				PRODUCT_BUNDLE_IDENTIFIER = hanykaram.UnitTest;
				PRODUCT_NAME = "$(TARGET_NAME)";
				SWIFT_VERSION = 5.0;
				TARGETED_DEVICE_FAMILY = "1,2";
			};
			name = Debug;
		};
		D741718426F907D900B3E320 /* Release */ = {
			isa = XCBuildConfiguration;
			buildSettings = {
				ASSETCATALOG_COMPILER_APPICON_NAME = AppIcon;
				ASSETCATALOG_COMPILER_GLOBAL_ACCENT_COLOR_NAME = AccentColor;
				CODE_SIGN_STYLE = Automatic;
				DEVELOPMENT_TEAM = SB6MTB7YS3;
				INFOPLIST_FILE = UnitTest/Info.plist;
				LD_RUNPATH_SEARCH_PATHS = (
					"$(inherited)",
					"@executable_path/Frameworks",
				);
				PRODUCT_BUNDLE_IDENTIFIER = hanykaram.UnitTest;
				PRODUCT_NAME = "$(TARGET_NAME)";
				SWIFT_VERSION = 5.0;
				TARGETED_DEVICE_FAMILY = "1,2";
			};
			name = Release;
		};
		D741718626F907D900B3E320 /* Debug */ = {
			isa = XCBuildConfiguration;
			buildSettings = {
				ALWAYS_EMBED_SWIFT_STANDARD_LIBRARIES = YES;
				BUNDLE_LOADER = "$(TEST_HOST)";
				CODE_SIGN_STYLE = Automatic;
				DEVELOPMENT_TEAM = SB6MTB7YS3;
				INFOPLIST_FILE = UnitTestTests/Info.plist;
				IPHONEOS_DEPLOYMENT_TARGET = 14.4;
				LD_RUNPATH_SEARCH_PATHS = (
					"$(inherited)",
					"@executable_path/Frameworks",
					"@loader_path/Frameworks",
				);
				PRODUCT_BUNDLE_IDENTIFIER = hanykaram.UnitTestTests;
				PRODUCT_NAME = "$(TARGET_NAME)";
				SWIFT_VERSION = 5.0;
				TARGETED_DEVICE_FAMILY = "1,2";
				TEST_HOST = "$(BUILT_PRODUCTS_DIR)/UnitTest.app/UnitTest";
			};
			name = Debug;
		};
		D741718726F907D900B3E320 /* Release */ = {
			isa = XCBuildConfiguration;
			buildSettings = {
				ALWAYS_EMBED_SWIFT_STANDARD_LIBRARIES = YES;
				BUNDLE_LOADER = "$(TEST_HOST)";
				CODE_SIGN_STYLE = Automatic;
				DEVELOPMENT_TEAM = SB6MTB7YS3;
				INFOPLIST_FILE = UnitTestTests/Info.plist;
				IPHONEOS_DEPLOYMENT_TARGET = 14.4;
				LD_RUNPATH_SEARCH_PATHS = (
					"$(inherited)",
					"@executable_path/Frameworks",
					"@loader_path/Frameworks",
				);
				PRODUCT_BUNDLE_IDENTIFIER = hanykaram.UnitTestTests;
				PRODUCT_NAME = "$(TARGET_NAME)";
				SWIFT_VERSION = 5.0;
				TARGETED_DEVICE_FAMILY = "1,2";
				TEST_HOST = "$(BUILT_PRODUCTS_DIR)/UnitTest.app/UnitTest";
			};
			name = Release;
		};
		D741718926F907D900B3E320 /* Debug */ = {
			isa = XCBuildConfiguration;
			buildSettings = {
				ALWAYS_EMBED_SWIFT_STANDARD_LIBRARIES = YES;
				CODE_SIGN_STYLE = Automatic;
				DEVELOPMENT_TEAM = SB6MTB7YS3;
				INFOPLIST_FILE = UnitTestUITests/Info.plist;
				LD_RUNPATH_SEARCH_PATHS = (
					"$(inherited)",
					"@executable_path/Frameworks",
					"@loader_path/Frameworks",
				);
				PRODUCT_BUNDLE_IDENTIFIER = hanykaram.UnitTestUITests;
				PRODUCT_NAME = "$(TARGET_NAME)";
				SWIFT_VERSION = 5.0;
				TARGETED_DEVICE_FAMILY = "1,2";
				TEST_TARGET_NAME = UnitTest;
			};
			name = Debug;
		};
		D741718A26F907D900B3E320 /* Release */ = {
			isa = XCBuildConfiguration;
			buildSettings = {
				ALWAYS_EMBED_SWIFT_STANDARD_LIBRARIES = YES;
				CODE_SIGN_STYLE = Automatic;
				DEVELOPMENT_TEAM = SB6MTB7YS3;
				INFOPLIST_FILE = UnitTestUITests/Info.plist;
				LD_RUNPATH_SEARCH_PATHS = (
					"$(inherited)",
					"@executable_path/Frameworks",
					"@loader_path/Frameworks",
				);
				PRODUCT_BUNDLE_IDENTIFIER = hanykaram.UnitTestUITests;
				PRODUCT_NAME = "$(TARGET_NAME)";
				SWIFT_VERSION = 5.0;
				TARGETED_DEVICE_FAMILY = "1,2";
				TEST_TARGET_NAME = UnitTest;
			};
			name = Release;
		};
/* End XCBuildConfiguration section */

/* Begin XCConfigurationList section */
		D741715326F907D500B3E320 /* Build configuration list for PBXProject "UnitTest" */ = {
			isa = XCConfigurationList;
			buildConfigurations = (
				D741718026F907D900B3E320 /* Debug */,
				D741718126F907D900B3E320 /* Release */,
			);
			defaultConfigurationIsVisible = 0;
			defaultConfigurationName = Release;
		};
		D741718226F907D900B3E320 /* Build configuration list for PBXNativeTarget "UnitTest" */ = {
			isa = XCConfigurationList;
			buildConfigurations = (
				D741718326F907D900B3E320 /* Debug */,
				D741718426F907D900B3E320 /* Release */,
			);
			defaultConfigurationIsVisible = 0;
			defaultConfigurationName = Release;
		};
		D741718526F907D900B3E320 /* Build configuration list for PBXNativeTarget "UnitTestTests" */ = {
			isa = XCConfigurationList;
			buildConfigurations = (
				D741718626F907D900B3E320 /* Debug */,
				D741718726F907D900B3E320 /* Release */,
			);
			defaultConfigurationIsVisible = 0;
			defaultConfigurationName = Release;
		};
		D741718826F907D900B3E320 /* Build configuration list for PBXNativeTarget "UnitTestUITests" */ = {
			isa = XCConfigurationList;
			buildConfigurations = (
				D741718926F907D900B3E320 /* Debug */,
				D741718A26F907D900B3E320 /* Release */,
			);
			defaultConfigurationIsVisible = 0;
			defaultConfigurationName = Release;
		};
/* End XCConfigurationList section */
	};
	rootObject = D741715026F907D500B3E320 /* Project object */;
}
